
Microsoft Visual Studio Solution File, Format Version 12.00
# Visual Studio Version 16
VisualStudioVersion = 16.0.31702.278
MinimumVisualStudioVersion = 10.0.40219.1
Project("{FAE04EC0-301F-11D3-BF4B-00C04F79EFBC}") = "ServerConfigRest_20190140004_FadhilahRizkySetiawan", "ServerConfigRest_20190140004_FadhilahRizkySetiawan\ServerConfigRest_20190140004_FadhilahRizkySetiawan.csproj", "{EA062146-4D88-4E8F-8A03-4CE55E2B693B}"
EndProject
Global
	GlobalSection(SolutionConfigurationPlatforms) = preSolution
		Debug|Any CPU = Debug|Any CPU
		Release|Any CPU = Release|Any CPU
	EndGlobalSection
	GlobalSection(ProjectConfigurationPlatforms) = postSolution
		{EA062146-4D88-4E8F-8A03-4CE55E2B693B}.Debug|Any CPU.ActiveCfg = Debug|Any CPU
		{EA062146-4D88-4E8F-8A03-4CE55E2B693B}.Debug|Any CPU.Build.0 = Debug|Any CPU
		{EA062146-4D88-4E8F-8A03-4CE55E2B693B}.Release|Any CPU.ActiveCfg = Release|Any CPU
		{EA062146-4D88-4E8F-8A03-4CE55E2B693B}.Release|Any CPU.Build.0 = Release|Any CPU
	EndGlobalSection
	GlobalSection(SolutionProperties) = preSolution
		HideSolutionNode = FALSE
	EndGlobalSection
	GlobalSection(ExtensibilityGlobals) = postSolution
		SolutionGuid = {92768947-0838-4185-BFD9-AE93E282FFDE}
	EndGlobalSection
EndGlobal
